
Microsoft Visual Studio Solution File, Format Version 12.00
# Visual Studio Version 16
VisualStudioVersion = 16.0.31613.86
MinimumVisualStudioVersion = 10.0.40219.1
Project("{FAE04EC0-301F-11D3-BF4B-00C04F79EFBC}") = "projektOOP", "projektOOP\projektOOP.csproj", "{AEB2BFAB-A61E-48D3-B35E-E368C80B6AD2}"
EndProject
Global
	GlobalSection(SolutionConfigurationPlatforms) = preSolution
		Debug|Any CPU = Debug|Any CPU
		Release|Any CPU = Release|Any CPU
	EndGlobalSection
	GlobalSection(ProjectConfigurationPlatforms) = postSolution
		{AEB2BFAB-A61E-48D3-B35E-E368C80B6AD2}.Debug|Any CPU.ActiveCfg = Debug|Any CPU
		{AEB2BFAB-A61E-48D3-B35E-E368C80B6AD2}.Debug|Any CPU.Build.0 = Debug|Any CPU
		{AEB2BFAB-A61E-48D3-B35E-E368C80B6AD2}.Release|Any CPU.ActiveCfg = Release|Any CPU
		{AEB2BFAB-A61E-48D3-B35E-E368C80B6AD2}.Release|Any CPU.Build.0 = Release|Any CPU
	EndGlobalSection
	GlobalSection(SolutionProperties) = preSolution
		HideSolutionNode = FALSE
	EndGlobalSection
	GlobalSection(ExtensibilityGlobals) = postSolution
		SolutionGuid = {DAFF688E-8B27-468D-9D76-BC8629AA937F}
	EndGlobalSection
EndGlobal
